lockfile_version: '1'
generated_at: '2026-06-14T08:18:31.720886+00:00'
apm_version: 0.20.0
dependencies:
- repo_url: nurk/apm-packages
  host: github.com
  resolved_commit: 91b3f3db1bcf3f9e604175188f735f79785814d6
  resolved_ref: master
  virtual_path: cpp-embedded-style
  is_virtual: true
  package_type: apm_package
  deployed_files:
  - .agents/skills/cpp-embedded-style
  - .agents/skills/cpp-embedded-style/SKILL.md
  deployed_file_hashes:
    .agents/skills/cpp-embedded-style/SKILL.md: sha256:0e74389be2cb77486459a59160b94e96864a023a48b0a670870b022fab15a606
  content_hash: sha256:25eccee9f9821e00f16aaf86a7d57c747a31e13ff4d74dc97f169135496ea04d
